
Microsoft Visual Studio Solution File, Format Version 12.00
# Visual Studio 15
VisualStudioVersion = 15.0.26730.15
MinimumVisualStudioVersion = 10.0.40219.1
Project("{FAE04EC0-301F-11D3-BF4B-00C04F79EFBC}") = "DevTree.Crawler", "src\DevTree.Crawler\DevTree.Crawler.csproj", "{85D23AB5-0B0D-4572-A192-70A058B5B916}"
EndProject
Global
	GlobalSection(SolutionConfigurationPlatforms) = preSolution
		BlahBlah|Any CPU = BlahBlah|Any CPU
		Debug|Any CPU = Debug|Any CPU
		Release|Any CPU = Release|Any CPU
	EndGlobalSection
	GlobalSection(ProjectConfigurationPlatforms) = postSolution
		{85D23AB5-0B0D-4572-A192-70A058B5B916}.BlahBlah|Any CPU.ActiveCfg = BlahBlah|Any CPU
		{85D23AB5-0B0D-4572-A192-70A058B5B916}.BlahBlah|Any CPU.Build.0 = BlahBlah|Any CPU
		{85D23AB5-0B0D-4572-A192-70A058B5B916}.Debug|Any CPU.ActiveCfg = Debug|Any CPU
		{85D23AB5-0B0D-4572-A192-70A058B5B916}.Debug|Any CPU.Build.0 = Debug|Any CPU
		{85D23AB5-0B0D-4572-A192-70A058B5B916}.Release|Any CPU.ActiveCfg = Release|Any CPU
		{85D23AB5-0B0D-4572-A192-70A058B5B916}.Release|Any CPU.Build.0 = Release|Any CPU
	EndGlobalSection
	GlobalSection(SolutionProperties) = preSolution
		HideSolutionNode = FALSE
	EndGlobalSection
	GlobalSection(ExtensibilityGlobals) = postSolution
		SolutionGuid = {5382CBBD-41E6-43BA-AC3A-F793682F43A8}
	EndGlobalSection
EndGlobal
